// !$*UTF8*$!
{
	archiveVersion = 1;
	classes = {
	};
	objectVersion = 48;
	objects = {

/* Begin PBXBuildFile section */
		97CC74C43F2F9103753B02A2 /* Pods_Everyday.framework in Frameworks */ = {isa = PBXBuildFile; fileRef = 7AD423D263527659880D7385 /* Pods_Everyday.framework */; };
		B841F6761FCCA19E00B10B70 /* AppDelegate.swift in Sources */ = {isa = PBXBuildFile; fileRef = B841F6751FCCA19E00B10B70 /* AppDelegate.swift */; };
		B841F67B1FCCA19E00B10B70 /* Everyday.xcdatamodeld in Sources */ = {isa = PBXBuildFile; fileRef = B841F6791FCCA19E00B10B70 /* Everyday.xcdatamodeld */; };
		B841F67D1FCCA19E00B10B70 /* Assets.xcassets in Resources */ = {isa = PBXBuildFile; fileRef = B841F67C1FCCA19E00B10B70 /* Assets.xcassets */; };
		B841F6801FCCA19E00B10B70 /* Main.storyboard in Resources */ = {isa = PBXBuildFile; fileRef = B841F67E1FCCA19E00B10B70 /* Main.storyboard */; };
		B841F6891FCCA2A900B10B70 /* SelfieView.swift in Sources */ = {isa = PBXBuildFile; fileRef = B841F6881FCCA2A900B10B70 /* SelfieView.swift */; };
		B841F68B1FCCA2BB00B10B70 /* SelfieEdtiorViewController.swift in Sources */ = {isa = PBXBuildFile; fileRef = B841F68A1FCCA2BB00B10B70 /* SelfieEdtiorViewController.swift */; };
		B841F68D1FCCB29700B10B70 /* SelfieWindow.swift in Sources */ = {isa = PBXBuildFile; fileRef = B841F68C1FCCB29700B10B70 /* SelfieWindow.swift */; };
		B841F68F1FCCB2DF00B10B70 /* SelfieWindowController.swift in Sources */ = {isa = PBXBuildFile; fileRef = B841F68E1FCCB2DF00B10B70 /* SelfieWindowController.swift */; };
		B841F6B21FCCB49600B10B70 /* SelfieEditorViewController.xib in Resources */ = {isa = PBXBuildFile; fileRef = B841F6B01FCCB49600B10B70 /* SelfieEditorViewController.xib */; };
/* End PBXBuildFile section */

/* Begin PBXFileReference section */
		16CCCC719ECCDDEC916266DD /* Pods-Everyday.release.xcconfig */ = {isa = PBXFileReference; includeInIndex = 1; lastKnownFileType = text.xcconfig; name = "Pods-Everyday.release.xcconfig"; path = "Pods/Target Support Files/Pods-Everyday/Pods-Everyday.release.xcconfig"; sourceTree = "<group>"; };
		7AD423D263527659880D7385 /* Pods_Everyday.framework */ = {isa = PBXFileReference; explicitFileType = wrapper.framework; includeInIndex = 0; path = Pods_Everyday.framework; sourceTree = BUILT_PRODUCTS_DIR; };
		B841F6721FCCA19E00B10B70 /* Everyday.app */ = {isa = PBXFileReference; explicitFileType = wrapper.application; includeInIndex = 0; path = Everyday.app; sourceTree = BUILT_PRODUCTS_DIR; };
		B841F6751FCCA19E00B10B70 /* AppDelegate.swift */ = {isa = PBXFileReference; lastKnownFileType = sourcecode.swift; path = AppDelegate.swift; sourceTree = "<group>"; };
		B841F67A1FCCA19E00B10B70 /* Everyday.xcdatamodel */ = {isa = PBXFileReference; lastKnownFileType = wrapper.xcdatamodel; path = Everyday.xcdatamodel; sourceTree = "<group>"; };
		B841F67C1FCCA19E00B10B70 /* Assets.xcassets */ = {isa = PBXFileReference; lastKnownFileType = folder.assetcatalog; path = Assets.xcassets; sourceTree = "<group>"; };
		B841F67F1FCCA19E00B10B70 /* Base */ = {isa = PBXFileReference; lastKnownFileType = file.storyboard; name = Base; path = Base.lproj/Main.storyboard; sourceTree = "<group>"; };
		B841F6811FCCA19E00B10B70 /* Info.plist */ = {isa = PBXFileReference; lastKnownFileType = text.plist.xml; path = Info.plist; sourceTree = "<group>"; };
		B841F6821FCCA19E00B10B70 /* Everyday.entitlements */ = {isa = PBXFileReference; lastKnownFileType = text.plist.entitlements; path = Everyday.entitlements; sourceTree = "<group>"; };
		B841F6881FCCA2A900B10B70 /* SelfieView.swift */ = {isa = PBXFileReference; lastKnownFileType = sourcecode.swift; path = SelfieView.swift; sourceTree = "<group>"; };
		B841F68A1FCCA2BB00B10B70 /* SelfieEdtiorViewController.swift */ = {isa = PBXFileReference; lastKnownFileType = sourcecode.swift; path = SelfieEdtiorViewController.swift; sourceTree = "<group>"; };
		B841F68C1FCCB29700B10B70 /* SelfieWindow.swift */ = {isa = PBXFileReference; lastKnownFileType = sourcecode.swift; path = SelfieWindow.swift; sourceTree = "<group>"; };
		B841F68E1FCCB2DF00B10B70 /* SelfieWindowController.swift */ = {isa = PBXFileReference; lastKnownFileType = sourcecode.swift; path = SelfieWindowController.swift; sourceTree = "<group>"; };
		B841F6B01FCCB49600B10B70 /* SelfieEditorViewController.xib */ = {isa = PBXFileReference; lastKnownFileType = file.xib; path = SelfieEditorViewController.xib; sourceTree = "<group>"; };
		CB4BA221CBCCB2AD2FE70231 /* Pods-Everyday.debug.xcconfig */ = {isa = PBXFileReference; includeInIndex = 1; lastKnownFileType = text.xcconfig; name = "Pods-Everyday.debug.xcconfig"; path = "Pods/Target Support Files/Pods-Everyday/Pods-Everyday.debug.xcconfig"; sourceTree = "<group>"; };
/* End PBXFileReference section */

/* Begin PBXFrameworksBuildPhase section */
		B841F66F1FCCA19E00B10B70 /* Frameworks */ = {
			isa = PBXFrameworksBuildPhase;
			buildActionMask = 2147483647;
			files = (
				97CC74C43F2F9103753B02A2 /* Pods_Everyday.framework in Frameworks */,
			);
			runOnlyForDeploymentPostprocessing = 0;
		};
/* End PBXFrameworksBuildPhase section */

/* Begin PBXGroup section */
		A3F8EEA88D97069EAC6A5B48 /* Frameworks */ = {
			isa = PBXGroup;
			children = (
				7AD423D263527659880D7385 /* Pods_Everyday.framework */,
			);
			name = Frameworks;
			sourceTree = "<group>";
		};
		AD8FEB809A2E4B89F4178A83 /* Pods */ = {
			isa = PBXGroup;
			children = (
				CB4BA221CBCCB2AD2FE70231 /* Pods-Everyday.debug.xcconfig */,
				16CCCC719ECCDDEC916266DD /* Pods-Everyday.release.xcconfig */,
			);
			name = Pods;
			sourceTree = "<group>";
		};
		B841F6691FCCA19E00B10B70 = {
			isa = PBXGroup;
			children = (
				B841F6741FCCA19E00B10B70 /* Everyday */,
				B841F6731FCCA19E00B10B70 /* Products */,
				AD8FEB809A2E4B89F4178A83 /* Pods */,
				A3F8EEA88D97069EAC6A5B48 /* Frameworks */,
			);
			sourceTree = "<group>";
		};
		B841F6731FCCA19E00B10B70 /* Products */ = {
			isa = PBXGroup;
			children = (
				B841F6721FCCA19E00B10B70 /* Everyday.app */,
			);
			name = Products;
			sourceTree = "<group>";
		};
		B841F6741FCCA19E00B10B70 /* Everyday */ = {
			isa = PBXGroup;
			children = (
				B841F6751FCCA19E00B10B70 /* AppDelegate.swift */,
				B841F6881FCCA2A900B10B70 /* SelfieView.swift */,
				B841F68A1FCCA2BB00B10B70 /* SelfieEdtiorViewController.swift */,
				B841F68C1FCCB29700B10B70 /* SelfieWindow.swift */,
				B841F68E1FCCB2DF00B10B70 /* SelfieWindowController.swift */,
				B841F67C1FCCA19E00B10B70 /* Assets.xcassets */,
				B841F67E1FCCA19E00B10B70 /* Main.storyboard */,
				B841F6B01FCCB49600B10B70 /* SelfieEditorViewController.xib */,
				B841F6811FCCA19E00B10B70 /* Info.plist */,
				B841F6821FCCA19E00B10B70 /* Everyday.entitlements */,
				B841F6791FCCA19E00B10B70 /* Everyday.xcdatamodeld */,
			);
			path = Everyday;
			sourceTree = "<group>";
		};
/* End PBXGroup section */

/* Begin PBXNativeTarget section */
		B841F6711FCCA19E00B10B70 /* Everyday */ = {
			isa = PBXNativeTarget;
			buildConfigurationList = B841F6851FCCA19E00B10B70 /* Build configuration list for PBXNativeTarget "Everyday" */;
			buildPhases = (
				7EBE2C4D6D81C78D0E233E23 /* [CP] Check Pods Manifest.lock */,
				B841F66E1FCCA19E00B10B70 /* Sources */,
				B841F66F1FCCA19E00B10B70 /* Frameworks */,
				B841F6701FCCA19E00B10B70 /* Resources */,
				23E4774758BB4942EE07C060 /* [CP] Embed Pods Frameworks */,
				34FE7ABB20244A25BCB33B9B /* [CP] Copy Pods Resources */,
			);
			buildRules = (
			);
			dependencies = (
			);
			name = Everyday;
			productName = Everyday;
			productReference = B841F6721FCCA19E00B10B70 /* Everyday.app */;
			productType = "com.apple.product-type.application";
		};
/* End PBXNativeTarget section */

/* Begin PBXProject section */
		B841F66A1FCCA19E00B10B70 /* Project object */ = {
			isa = PBXProject;
			attributes = {
				LastSwiftUpdateCheck = 0910;
				LastUpgradeCheck = 0910;
				ORGANIZATIONNAME = "Mathieu Tozer";
				TargetAttributes = {
					B841F6711FCCA19E00B10B70 = {
						CreatedOnToolsVersion = 9.1;
						ProvisioningStyle = Automatic;
					};
				};
			};
			buildConfigurationList = B841F66D1FCCA19E00B10B70 /* Build configuration list for PBXProject "Everyday" */;
			compatibilityVersion = "Xcode 8.0";
			developmentRegion = en;
			hasScannedForEncodings = 0;
			knownRegions = (
				en,
				Base,
			);
			mainGroup = B841F6691FCCA19E00B10B70;
			productRefGroup = B841F6731FCCA19E00B10B70 /* Products */;
			projectDirPath = "";
			projectRoot = "";
			targets = (
				B841F6711FCCA19E00B10B70 /* Everyday */,
			);
		};
/* End PBXProject section */

/* Begin PBXResourcesBuildPhase section */
		B841F6701FCCA19E00B10B70 /* Resources */ = {
			isa = PBXResourcesBuildPhase;
			buildActionMask = 2147483647;
			files = (
				B841F6B21FCCB49600B10B70 /* SelfieEditorViewController.xib in Resources */,
				B841F67D1FCCA19E00B10B70 /* Assets.xcassets in Resources */,
				B841F6801FCCA19E00B10B70 /* Main.storyboard in Resources */,
			);
			runOnlyForDeploymentPostprocessing = 0;
		};
/* End PBXResourcesBuildPhase section */

/* Begin PBXShellScriptBuildPhase section */
		23E4774758BB4942EE07C060 /* [CP] Embed Pods Frameworks */ = {
			isa = PBXShellScriptBuildPhase;
			buildActionMask = 2147483647;
			files = (
			);
			inputPaths = (
				"${SRCROOT}/Pods/Target Support Files/Pods-Everyday/Pods-Everyday-frameworks.sh",
				"${BUILT_PRODUCTS_DIR}/PathKit/PathKit.framework",
			);
			name = "[CP] Embed Pods Frameworks";
			outputPaths = (
				"${TARGET_BUILD_DIR}/${FRAMEWORKS_FOLDER_PATH}/PathKit.framework",
			);
			runOnlyForDeploymentPostprocessing = 0;
			shellPath = /bin/sh;
			shellScript = "\"${SRCROOT}/Pods/Target Support Files/Pods-Everyday/Pods-Everyday-frameworks.sh\"\n";
			showEnvVarsInLog = 0;
		};
		34FE7ABB20244A25BCB33B9B /* [CP] Copy Pods Resources */ = {
			isa = PBXShellScriptBuildPhase;
			buildActionMask = 2147483647;
			files = (
			);
			inputPaths = (
			);
			name = "[CP] Copy Pods Resources";
			outputPaths = (
			);
			runOnlyForDeploymentPostprocessing = 0;
			shellPath = /bin/sh;
			shellScript = "\"${SRCROOT}/Pods/Target Support Files/Pods-Everyday/Pods-Everyday-resources.sh\"\n";
			showEnvVarsInLog = 0;
		};
		7EBE2C4D6D81C78D0E233E23 /* [CP] Check Pods Manifest.lock */ = {
			isa = PBXShellScriptBuildPhase;
			buildActionMask = 2147483647;
			files = (
			);
			inputPaths = (
				"${PODS_PODFILE_DIR_PATH}/Podfile.lock",
				"${PODS_ROOT}/Manifest.lock",
			);
			name = "[CP] Check Pods Manifest.lock";
			outputPaths = (
				"$(DERIVED_FILE_DIR)/Pods-Everyday-checkManifestLockResult.txt",
			);
			runOnlyForDeploymentPostprocessing = 0;
			shellPath = /bin/sh;
			shellScript = "diff \"${PODS_PODFILE_DIR_PATH}/Podfile.lock\" \"${PODS_ROOT}/Manifest.lock\" > /dev/null\nif [ $? != 0 ] ; then\n    # print error to STDERR\n    echo \"error: The sandbox is not in sync with the Podfile.lock. Run 'pod install' or update your CocoaPods installation.\" >&2\n    exit 1\nfi\n# This output is used by Xcode 'outputs' to avoid re-running this script phase.\necho \"SUCCESS\" > \"${SCRIPT_OUTPUT_FILE_0}\"\n";
			showEnvVarsInLog = 0;
		};
/* End PBXShellScriptBuildPhase section */

/* Begin PBXSourcesBuildPhase section */
		B841F66E1FCCA19E00B10B70 /* Sources */ = {
			isa = PBXSourcesBuildPhase;
			buildActionMask = 2147483647;
			files = (
				B841F67B1FCCA19E00B10B70 /* Everyday.xcdatamodeld in Sources */,
				B841F68B1FCCA2BB00B10B70 /* SelfieEdtiorViewController.swift in Sources */,
				B841F6891FCCA2A900B10B70 /* SelfieView.swift in Sources */,
				B841F68D1FCCB29700B10B70 /* SelfieWindow.swift in Sources */,
				B841F6761FCCA19E00B10B70 /* AppDelegate.swift in Sources */,
				B841F68F1FCCB2DF00B10B70 /* SelfieWindowController.swift in Sources */,
			);
			runOnlyForDeploymentPostprocessing = 0;
		};
/* End PBXSourcesBuildPhase section */

/* Begin PBXVariantGroup section */
		B841F67E1FCCA19E00B10B70 /* Main.storyboard */ = {
			isa = PBXVariantGroup;
			children = (
				B841F67F1FCCA19E00B10B70 /* Base */,
			);
			name = Main.storyboard;
			sourceTree = "<group>";
		};
/* End PBXVariantGroup section */

/* Begin XCBuildConfiguration section */
		B841F6831FCCA19E00B10B70 /* Debug */ = {
			isa = XCBuildConfiguration;
			buildSettings = {
				ALWAYS_SEARCH_USER_PATHS = NO;
				CLANG_ANALYZER_NONNULL = YES;
				CLANG_ANALYZER_NUMBER_OBJECT_CONVERSION = YES_AGGRESSIVE;
				CLANG_CXX_LANGUAGE_STANDARD = "gnu++14";
				CLANG_CXX_LIBRARY = "libc++";
				CLANG_ENABLE_MODULES = YES;
				CLANG_ENABLE_OBJC_ARC = YES;
				CLANG_WARN_BLOCK_CAPTURE_AUTORELEASING = YES;
				CLANG_WARN_BOOL_CONVERSION = YES;
				CLANG_WARN_COMMA = YES;
				CLANG_WARN_CONSTANT_CONVERSION = YES;
				CLANG_WARN_DIRECT_OBJC_ISA_USAGE = YES_ERROR;
				CLANG_WARN_DOCUMENTATION_COMMENTS = YES;
				CLANG_WARN_EMPTY_BODY = YES;
				CLANG_WARN_ENUM_CONVERSION = YES;
				CLANG_WARN_INFINITE_RECURSION = YES;
				CLANG_WARN_INT_CONVERSION = YES;
				CLANG_WARN_NON_LITERAL_NULL_CONVERSION = YES;
				CLANG_WARN_OBJC_LITERAL_CONVERSION = YES;
				CLANG_WARN_OBJC_ROOT_CLASS = YES_ERROR;
				CLANG_WARN_RANGE_LOOP_ANALYSIS = YES;
				CLANG_WARN_STRICT_PROTOTYPES = YES;
				CLANG_WARN_SUSPICIOUS_MOVE = YES;
				CLANG_WARN_UNGUARDED_AVAILABILITY = YES_AGGRESSIVE;
				CLANG_WARN_UNREACHABLE_CODE = YES;
				CLANG_WARN__DUPLICATE_METHOD_MATCH = YES;
				CODE_SIGN_IDENTITY = "Mac Developer";
				COPY_PHASE_STRIP = NO;
				DEBUG_INFORMATION_FORMAT = dwarf;
				ENABLE_STRICT_OBJC_MSGSEND = YES;
				ENABLE_TESTABILITY = YES;
				GCC_C_LANGUAGE_STANDARD = gnu11;
				GCC_DYNAMIC_NO_PIC = NO;
				GCC_NO_COMMON_BLOCKS = YES;
				GCC_OPTIMIZATION_LEVEL = 0;
				GCC_PREPROCESSOR_DEFINITIONS = (
					"DEBUG=1",
					"$(inherited)",
				);
				GCC_WARN_64_TO_32_BIT_CONVERSION = YES;
				GCC_WARN_ABOUT_RETURN_TYPE = YES_ERROR;
				GCC_WARN_UNDECLARED_SELECTOR = YES;
				GCC_WARN_UNINITIALIZED_AUTOS = YES_AGGRESSIVE;
				GCC_WARN_UNUSED_FUNCTION = YES;
				GCC_WARN_UNUSED_VARIABLE = YES;
				MACOSX_DEPLOYMENT_TARGET = 10.12;
				MTL_ENABLE_DEBUG_INFO = YES;
				ONLY_ACTIVE_ARCH = YES;
				SDKROOT = macosx;
				SWIFT_ACTIVE_COMPILATION_CONDITIONS = DEBUG;
				SWIFT_OPTIMIZATION_LEVEL = "-Onone";
			};
			name = Debug;
		};
		B841F6841FCCA19E00B10B70 /* Release */ = {
			isa = XCBuildConfiguration;
			buildSettings = {
				ALWAYS_SEARCH_USER_PATHS = NO;
				CLANG_ANALYZER_NONNULL = YES;
				CLANG_ANALYZER_NUMBER_OBJECT_CONVERSION = YES_AGGRESSIVE;
				CLANG_CXX_LANGUAGE_STANDARD = "gnu++14";
				CLANG_CXX_LIBRARY = "libc++";
				CLANG_ENABLE_MODULES = YES;
				CLANG_ENABLE_OBJC_ARC = YES;
				CLANG_WARN_BLOCK_CAPTURE_AUTORELEASING = YES;
				CLANG_WARN_BOOL_CONVERSION = YES;
				CLANG_WARN_COMMA = YES;
				CLANG_WARN_CONSTANT_CONVERSION = YES;
				CLANG_WARN_DIRECT_OBJC_ISA_USAGE = YES_ERROR;
				CLANG_WARN_DOCUMENTATION_COMMENTS = YES;
				CLANG_WARN_EMPTY_BODY = YES;
				CLANG_WARN_ENUM_CONVERSION = YES;
				CLANG_WARN_INFINITE_RECURSION = YES;
				CLANG_WARN_INT_CONVERSION = YES;
				CLANG_WARN_NON_LITERAL_NULL_CONVERSION = YES;
				CLANG_WARN_OBJC_LITERAL_CONVERSION = YES;
				CLANG_WARN_OBJC_ROOT_CLASS = YES_ERROR;
				CLANG_WARN_RANGE_LOOP_ANALYSIS = YES;
				CLANG_WARN_STRICT_PROTOTYPES = YES;
				CLANG_WARN_SUSPICIOUS_MOVE = YES;
				CLANG_WARN_UNGUARDED_AVAILABILITY = YES_AGGRESSIVE;
				CLANG_WARN_UNREACHABLE_CODE = YES;
				CLANG_WARN__DUPLICATE_METHOD_MATCH = YES;
				CODE_SIGN_IDENTITY = "Mac Developer";
				COPY_PHASE_STRIP = NO;
				DEBUG_INFORMATION_FORMAT = "dwarf-with-dsym";
				ENABLE_NS_ASSERTIONS = NO;
				ENABLE_STRICT_OBJC_MSGSEND = YES;
				GCC_C_LANGUAGE_STANDARD = gnu11;
				GCC_NO_COMMON_BLOCKS = YES;
				GCC_WARN_64_TO_32_BIT_CONVERSION = YES;
				GCC_WARN_ABOUT_RETURN_TYPE = YES_ERROR;
				GCC_WARN_UNDECLARED_SELECTOR = YES;
				GCC_WARN_UNINITIALIZED_AUTOS = YES_AGGRESSIVE;
				GCC_WARN_UNUSED_FUNCTION = YES;
				GCC_WARN_UNUSED_VARIABLE = YES;
				MACOSX_DEPLOYMENT_TARGET = 10.12;
				MTL_ENABLE_DEBUG_INFO = NO;
				SDKROOT = macosx;
				SWIFT_OPTIMIZATION_LEVEL = "-Owholemodule";
			};
			name = Release;
		};
		B841F6861FCCA19E00B10B70 /* Debug */ = {
			isa = XCBuildConfiguration;
			baseConfigurationReference = CB4BA221CBCCB2AD2FE70231 /* Pods-Everyday.debug.xcconfig */;
			buildSettings = {
				ASSETCATALOG_COMPILER_APPICON_NAME = AppIcon;
				CODE_SIGN_ENTITLEMENTS = Everyday/Everyday.entitlements;
				CODE_SIGN_STYLE = Automatic;
				COMBINE_HIDPI_IMAGES = YES;
				DEVELOPMENT_TEAM = 8BX6X944ML;
				INFOPLIST_FILE = Everyday/Info.plist;
				LD_RUNPATH_SEARCH_PATHS = "$(inherited) @executable_path/../Frameworks";
				PRODUCT_BUNDLE_IDENTIFIER = tozer.Everyday;
				PRODUCT_NAME = "$(TARGET_NAME)";
				SWIFT_VERSION = 4.0;
			};
			name = Debug;
		};
		B841F6871FCCA19E00B10B70 /* Release */ = {
			isa = XCBuildConfiguration;
			baseConfigurationReference = 16CCCC719ECCDDEC916266DD /* Pods-Everyday.release.xcconfig */;
			buildSettings = {
				ASSETCATALOG_COMPILER_APPICON_NAME = AppIcon;
				CODE_SIGN_ENTITLEMENTS = Everyday/Everyday.entitlements;
				CODE_SIGN_STYLE = Automatic;
				COMBINE_HIDPI_IMAGES = YES;
				DEVELOPMENT_TEAM = 8BX6X944ML;
				INFOPLIST_FILE = Everyday/Info.plist;
				LD_RUNPATH_SEARCH_PATHS = "$(inherited) @executable_path/../Frameworks";
				PRODUCT_BUNDLE_IDENTIFIER = tozer.Everyday;
				PRODUCT_NAME = "$(TARGET_NAME)";
				SWIFT_VERSION = 4.0;
			};
			name = Release;
		};
/* End XCBuildConfiguration section */

/* Begin XCConfigurationList section */
		B841F66D1FCCA19E00B10B70 /* Build configuration list for PBXProject "Everyday" */ = {
			isa = XCConfigurationList;
			buildConfigurations = (
				B841F6831FCCA19E00B10B70 /* Debug */,
				B841F6841FCCA19E00B10B70 /* Release */,
			);
			defaultConfigurationIsVisible = 0;
			defaultConfigurationName = Release;
		};
		B841F6851FCCA19E00B10B70 /* Build configuration list for PBXNativeTarget "Everyday" */ = {
			isa = XCConfigurationList;
			buildConfigurations = (
				B841F6861FCCA19E00B10B70 /* Debug */,
				B841F6871FCCA19E00B10B70 /* Release */,
			);
			defaultConfigurationIsVisible = 0;
			defaultConfigurationName = Release;
		};
/* End XCConfigurationList section */

/* Begin XCVersionGroup section */
		B841F6791FCCA19E00B10B70 /* Everyday.xcdatamodeld */ = {
			isa = XCVersionGroup;
			children = (
				B841F67A1FCCA19E00B10B70 /* Everyday.xcdatamodel */,
			);
			currentVersion = B841F67A1FCCA19E00B10B70 /* Everyday.xcdatamodel */;
			path = Everyday.xcdatamodeld;
			sourceTree = "<group>";
			versionGroupType = wrapper.xcdatamodel;
		};
/* End XCVersionGroup section */
	};
	rootObject = B841F66A1FCCA19E00B10B70 /* Project object */;
}
